
Microsoft Visual Studio Solution File, Format Version 12.00
# Visual Studio Version 16
VisualStudioVersion = 16.0.33927.289
MinimumVisualStudioVersion = 10.0.40219.1
Project("{2150E333-8FDC-42A3-9474-1A3956D46DE8}") = "Task0", "Task0", "{45227315-1F33-4898-A97B-240C31637763}"
EndProject
Project("{FAE04EC0-301F-11D3-BF4B-00C04F79EFBC}") = "Tyuiu.LoginovMV.Sprint0.Task0.V0", "Tyuiu.LoginovMV.Sprint0.Task0.V0\Tyuiu.LoginovMV.Sprint0.Task0.V0.csproj", "{8E39CAC6-66A8-456C-B6F7-AFC460320BD3}"
EndProject
Project("{2150E333-8FDC-42A3-9474-1A3956D46DE8}") = "Task1", "Task1", "{91330CC8-B325-42A3-94F2-22C8A0577E76}"
EndProject
Project("{FAE04EC0-301F-11D3-BF4B-00C04F79EFBC}") = "Tyuiu.LoginovMV.Sprint0.Task1.V0", "Tyuiu.LoginovMV.Sprint0.Task1.V0\Tyuiu.LoginovMV.Sprint0.Task1.V0.csproj", "{C2CB1242-D53F-4BA8-98DA-78F7FF8881B2}"
EndProject
Project("{2150E333-8FDC-42A3-9474-1A3956D46DE8}") = "Task2", "Task2", "{1C5D466E-C869-4074-A6D5-0F8784F7B81C}"
EndProject
Project("{FAE04EC0-301F-11D3-BF4B-00C04F79EFBC}") = "Tyuiu.LoginovMV.Sprint0.Task2.V0", "Tyuiu.LoginovMV.Sprint0.Task2.V0\Tyuiu.LoginovMV.Sprint0.Task2.V0.csproj", "{6B1FB015-9742-4C26-B210-86CAF65F32F0}"
EndProject
Project("{FAE04EC0-301F-11D3-BF4B-00C04F79EFBC}") = "Tyuiu.LoginovMV.Sprint0.Task2.V0.Lib", "Tyuiu.LoginovMV.Sprint0.Task2.V0.Lib\Tyuiu.LoginovMV.Sprint0.Task2.V0.Lib.csproj", "{37895048-591E-4E10-8982-6B9A43BD37F5}"
EndProject
Project("{FAE04EC0-301F-11D3-BF4B-00C04F79EFBC}") = "Tyuiu.LoginovMV.Sprint0.Task2.V0.Test", "Tyuiu.LoginovMV.Sprint0.Task2.V0.Test\Tyuiu.LoginovMV.Sprint0.Task2.V0.Test.csproj", "{6A55D3DE-0C74-4281-AEB9-88F018CDFF3C}"
EndProject
Project("{2150E333-8FDC-42A3-9474-1A3956D46DE8}") = "Task3", "Task3", "{00678F3B-7366-45BA-836E-69F825F66532}"
EndProject
Project("{FAE04EC0-301F-11D3-BF4B-00C04F79EFBC}") = "Tyuiu.LoginovMV.Sprint0.Task3.V0", "Tyuiu.LoginovMV.Sprint0.Task3.V0\Tyuiu.LoginovMV.Sprint0.Task3.V0.csproj", "{A172425B-68B3-4FD8-8318-DC74988604C7}"
EndProject
Project("{FAE04EC0-301F-11D3-BF4B-00C04F79EFBC}") = "Tyuiu.LoginovMV.Sprint0.Task3.V0.Lib", "Tyuiu.LoginovMV.Sprint0.Task3.V0.Lib\Tyuiu.LoginovMV.Sprint0.Task3.V0.Lib.csproj", "{19CD6CD0-288E-485D-A98A-CA22A904EC53}"
EndProject
Project("{FAE04EC0-301F-11D3-BF4B-00C04F79EFBC}") = "Tyuiu.LoginovMV.Sprint0.Task3.V0.Test", "Tyuiu.LoginovMV.Sprint0.Task3.V0.Test\Tyuiu.LoginovMV.Sprint0.Task3.V0.Test.csproj", "{D651056E-70CB-4659-8495-A751146B8DD4}"
EndProject
Project("{2150E333-8FDC-42A3-9474-1A3956D46DE8}") = "Task4", "Task4", "{09161985-9564-48D1-8D88-F2BDEDEE40A7}"
EndProject
Project("{FAE04EC0-301F-11D3-BF4B-00C04F79EFBC}") = "Tyuiu.LoginovMV.Sprint0.Task4.V0", "Tyuiu.LoginovMV.Sprint0.Task4.V0\Tyuiu.LoginovMV.Sprint0.Task4.V0.csproj", "{A63D2749-3B72-4A65-BAE5-CD6D9A815AC2}"
EndProject
Project("{FAE04EC0-301F-11D3-BF4B-00C04F79EFBC}") = "Tyuiu.LoginovMV.Sprint0.Task4.V0.Lib", "Tyuiu.LoginovMV.Sprint0.Task4.V0.Lib\Tyuiu.LoginovMV.Sprint0.Task4.V0.Lib.csproj", "{51041953-3643-4CF0-B3F2-57B81ECB0669}"
EndProject
Project("{FAE04EC0-301F-11D3-BF4B-00C04F79EFBC}") = "Tyuiu.LoginovMV.Sprint0.Task4.V0.Test", "Tyuiu.LoginovMV.Sprint0.Task4.V0.Test\Tyuiu.LoginovMV.Sprint0.Task4.V0.Test.csproj", "{ABE8F1BC-F637-4A7D-BF69-6088DFC2BB1B}"
EndProject
Project("{2150E333-8FDC-42A3-9474-1A3956D46DE8}") = "Task5", "Task5", "{FF962493-2F6F-4A37-A922-23932FD7D0B5}"
EndProject
Project("{FAE04EC0-301F-11D3-BF4B-00C04F79EFBC}") = "Tyuiu.LoginovMV.Sprint0.Task5.V0", "Tyuiu.LoginovMV.Sprint0.Task5.V0\Tyuiu.LoginovMV.Sprint0.Task5.V0.csproj", "{5D7D92CA-2ECA-44F3-82DA-3A0BA11DCDC0}"
EndProject
Project("{FAE04EC0-301F-11D3-BF4B-00C04F79EFBC}") = "Tyuiu.LoginovMV.Sprint0.Task5.V0.Lib", "Tyuiu.LoginovMV.Sprint0.Task5.V0.Lib\Tyuiu.LoginovMV.Sprint0.Task5.V0.Lib.csproj", "{203CFD79-8C76-413E-9D13-6DCD541B1747}"
EndProject
Project("{FAE04EC0-301F-11D3-BF4B-00C04F79EFBC}") = "Tyuiu.LoginovMV.Sprint0.Task5.V0.Test", "Tyuiu.LoginovMV.Sprint0.Task5.V0.Test\Tyuiu.LoginovMV.Sprint0.Task5.V0.Test.csproj", "{A11D622E-4AE7-4F8D-8BDC-FFDB6A3C9B1F}"
EndProject
Global
	GlobalSection(SolutionConfigurationPlatforms) = preSolution
		Debug|Any CPU = Debug|Any CPU
		Release|Any CPU = Release|Any CPU
	EndGlobalSection
	GlobalSection(ProjectConfigurationPlatforms) = postSolution
		{8E39CAC6-66A8-456C-B6F7-AFC460320BD3}.Debug|Any CPU.ActiveCfg = Debug|Any CPU
		{8E39CAC6-66A8-456C-B6F7-AFC460320BD3}.Debug|Any CPU.Build.0 = Debug|Any CPU
		{8E39CAC6-66A8-456C-B6F7-AFC460320BD3}.Release|Any CPU.ActiveCfg = Release|Any CPU
		{8E39CAC6-66A8-456C-B6F7-AFC460320BD3}.Release|Any CPU.Build.0 = Release|Any CPU
		{C2CB1242-D53F-4BA8-98DA-78F7FF8881B2}.Debug|Any CPU.ActiveCfg = Debug|Any CPU
		{C2CB1242-D53F-4BA8-98DA-78F7FF8881B2}.Debug|Any CPU.Build.0 = Debug|Any CPU
		{C2CB1242-D53F-4BA8-98DA-78F7FF8881B2}.Release|Any CPU.ActiveCfg = Release|Any CPU
		{C2CB1242-D53F-4BA8-98DA-78F7FF8881B2}.Release|Any CPU.Build.0 = Release|Any CPU
		{6B1FB015-9742-4C26-B210-86CAF65F32F0}.Debug|Any CPU.ActiveCfg = Debug|Any CPU
		{6B1FB015-9742-4C26-B210-86CAF65F32F0}.Debug|Any CPU.Build.0 = Debug|Any CPU
		{6B1FB015-9742-4C26-B210-86CAF65F32F0}.Release|Any CPU.ActiveCfg = Release|Any CPU
		{6B1FB015-9742-4C26-B210-86CAF65F32F0}.Release|Any CPU.Build.0 = Release|Any CPU
		{37895048-591E-4E10-8982-6B9A43BD37F5}.Debug|Any CPU.ActiveCfg = Debug|Any CPU
		{37895048-591E-4E10-8982-6B9A43BD37F5}.Debug|Any CPU.Build.0 = Debug|Any CPU
		{37895048-591E-4E10-8982-6B9A43BD37F5}.Release|Any CPU.ActiveCfg = Release|Any CPU
		{37895048-591E-4E10-8982-6B9A43BD37F5}.Release|Any CPU.Build.0 = Release|Any CPU
		{6A55D3DE-0C74-4281-AEB9-88F018CDFF3C}.Debug|Any CPU.ActiveCfg = Debug|Any CPU
		{6A55D3DE-0C74-4281-AEB9-88F018CDFF3C}.Debug|Any CPU.Build.0 = Debug|Any CPU
		{6A55D3DE-0C74-4281-AEB9-88F018CDFF3C}.Release|Any CPU.ActiveCfg = Release|Any CPU
		{6A55D3DE-0C74-4281-AEB9-88F018CDFF3C}.Release|Any CPU.Build.0 = Release|Any CPU
		{A172425B-68B3-4FD8-8318-DC74988604C7}.Debug|Any CPU.ActiveCfg = Debug|Any CPU
		{A172425B-68B3-4FD8-8318-DC74988604C7}.Debug|Any CPU.Build.0 = Debug|Any CPU
		{A172425B-68B3-4FD8-8318-DC74988604C7}.Release|Any CPU.ActiveCfg = Release|Any CPU
		{A172425B-68B3-4FD8-8318-DC74988604C7}.Release|Any CPU.Build.0 = Release|Any CPU
		{19CD6CD0-288E-485D-A98A-CA22A904EC53}.Debug|Any CPU.ActiveCfg = Debug|Any CPU
		{19CD6CD0-288E-485D-A98A-CA22A904EC53}.Debug|Any CPU.Build.0 = Debug|Any CPU
		{19CD6CD0-288E-485D-A98A-CA22A904EC53}.Release|Any CPU.ActiveCfg = Release|Any CPU
		{19CD6CD0-288E-485D-A98A-CA22A904EC53}.Release|Any CPU.Build.0 = Release|Any CPU
		{D651056E-70CB-4659-8495-A751146B8DD4}.Debug|Any CPU.ActiveCfg = Debug|Any CPU
		{D651056E-70CB-4659-8495-A751146B8DD4}.Debug|Any CPU.Build.0 = Debug|Any CPU
		{D651056E-70CB-4659-8495-A751146B8DD4}.Release|Any CPU.ActiveCfg = Release|Any CPU
		{D651056E-70CB-4659-8495-A751146B8DD4}.Release|Any CPU.Build.0 = Release|Any CPU
		{A63D2749-3B72-4A65-BAE5-CD6D9A815AC2}.Debug|Any CPU.ActiveCfg = Debug|Any CPU
		{A63D2749-3B72-4A65-BAE5-CD6D9A815AC2}.Debug|Any CPU.Build.0 = Debug|Any CPU
		{A63D2749-3B72-4A65-BAE5-CD6D9A815AC2}.Release|Any CPU.ActiveCfg = Release|Any CPU
		{A63D2749-3B72-4A65-BAE5-CD6D9A815AC2}.Release|Any CPU.Build.0 = Release|Any CPU
		{51041953-3643-4CF0-B3F2-57B81ECB0669}.Debug|Any CPU.ActiveCfg = Debug|Any CPU
		{51041953-3643-4CF0-B3F2-57B81ECB0669}.Debug|Any CPU.Build.0 = Debug|Any CPU
		{51041953-3643-4CF0-B3F2-57B81ECB0669}.Release|Any CPU.ActiveCfg = Release|Any CPU
		{51041953-3643-4CF0-B3F2-57B81ECB0669}.Release|Any CPU.Build.0 = Release|Any CPU
		{ABE8F1BC-F637-4A7D-BF69-6088DFC2BB1B}.Debug|Any CPU.ActiveCfg = Debug|Any CPU
		{ABE8F1BC-F637-4A7D-BF69-6088DFC2BB1B}.Debug|Any CPU.Build.0 = Debug|Any CPU
		{ABE8F1BC-F637-4A7D-BF69-6088DFC2BB1B}.Release|Any CPU.ActiveCfg = Release|Any CPU
		{ABE8F1BC-F637-4A7D-BF69-6088DFC2BB1B}.Release|Any CPU.Build.0 = Release|Any CPU
		{5D7D92CA-2ECA-44F3-82DA-3A0BA11DCDC0}.Debug|Any CPU.ActiveCfg = Debug|Any CPU
		{5D7D92CA-2ECA-44F3-82DA-3A0BA11DCDC0}.Debug|Any CPU.Build.0 = Debug|Any CPU
		{5D7D92CA-2ECA-44F3-82DA-3A0BA11DCDC0}.Release|Any CPU.ActiveCfg = Release|Any CPU
		{5D7D92CA-2ECA-44F3-82DA-3A0BA11DCDC0}.Release|Any CPU.Build.0 = Release|Any CPU
		{203CFD79-8C76-413E-9D13-6DCD541B1747}.Debug|Any CPU.ActiveCfg = Debug|Any CPU
		{203CFD79-8C76-413E-9D13-6DCD541B1747}.Debug|Any CPU.Build.0 = Debug|Any CPU
		{203CFD79-8C76-413E-9D13-6DCD541B1747}.Release|Any CPU.ActiveCfg = Release|Any CPU
		{203CFD79-8C76-413E-9D13-6DCD541B1747}.Release|Any CPU.Build.0 = Release|Any CPU
		{A11D622E-4AE7-4F8D-8BDC-FFDB6A3C9B1F}.Debug|Any CPU.ActiveCfg = Debug|Any CPU
		{A11D622E-4AE7-4F8D-8BDC-FFDB6A3C9B1F}.Debug|Any CPU.Build.0 = Debug|Any CPU
		{A11D622E-4AE7-4F8D-8BDC-FFDB6A3C9B1F}.Release|Any CPU.ActiveCfg = Release|Any CPU
		{A11D622E-4AE7-4F8D-8BDC-FFDB6A3C9B1F}.Release|Any CPU.Build.0 = Release|Any CPU
	EndGlobalSection
	GlobalSection(SolutionProperties) = preSolution
		HideSolutionNode = FALSE
	EndGlobalSection
	GlobalSection(NestedProjects) = preSolution
		{8E39CAC6-66A8-456C-B6F7-AFC460320BD3} = {45227315-1F33-4898-A97B-240C31637763}
		{C2CB1242-D53F-4BA8-98DA-78F7FF8881B2} = {91330CC8-B325-42A3-94F2-22C8A0577E76}
		{6B1FB015-9742-4C26-B210-86CAF65F32F0} = {1C5D466E-C869-4074-A6D5-0F8784F7B81C}
		{37895048-591E-4E10-8982-6B9A43BD37F5} = {1C5D466E-C869-4074-A6D5-0F8784F7B81C}
		{6A55D3DE-0C74-4281-AEB9-88F018CDFF3C} = {1C5D466E-C869-4074-A6D5-0F8784F7B81C}
		{A172425B-68B3-4FD8-8318-DC74988604C7} = {00678F3B-7366-45BA-836E-69F825F66532}
		{19CD6CD0-288E-485D-A98A-CA22A904EC53} = {00678F3B-7366-45BA-836E-69F825F66532}
		{D651056E-70CB-4659-8495-A751146B8DD4} = {00678F3B-7366-45BA-836E-69F825F66532}
		{A63D2749-3B72-4A65-BAE5-CD6D9A815AC2} = {09161985-9564-48D1-8D88-F2BDEDEE40A7}
		{51041953-3643-4CF0-B3F2-57B81ECB0669} = {09161985-9564-48D1-8D88-F2BDEDEE40A7}
		{ABE8F1BC-F637-4A7D-BF69-6088DFC2BB1B} = {09161985-9564-48D1-8D88-F2BDEDEE40A7}
		{5D7D92CA-2ECA-44F3-82DA-3A0BA11DCDC0} = {FF962493-2F6F-4A37-A922-23932FD7D0B5}
		{203CFD79-8C76-413E-9D13-6DCD541B1747} = {FF962493-2F6F-4A37-A922-23932FD7D0B5}
		{A11D622E-4AE7-4F8D-8BDC-FFDB6A3C9B1F} = {FF962493-2F6F-4A37-A922-23932FD7D0B5}
	EndGlobalSection
	GlobalSection(ExtensibilityGlobals) = postSolution
		SolutionGuid = {39AA117C-A6D8-496A-BF40-E28D82263A15}
	EndGlobalSection
EndGlobal
